// !$*UTF8*$!
{
	archiveVersion = 1;
	classes = {
	};
	objectVersion = 56;
	objects = {

/* Begin PBXBuildFile section */
		C02744912B9EF6EF000CF7C8 /* OnboardingTestApp.swift in Sources */ = {isa = PBXBuildFile; fileRef = C02744902B9EF6EF000CF7C8 /* OnboardingTestApp.swift */; };
		C02744932B9EF6EF000CF7C8 /* ContentView.swift in Sources */ = {isa = PBXBuildFile; fileRef = C02744922B9EF6EF000CF7C8 /* ContentView.swift */; };
		C02744952B9EF6F1000CF7C8 /* Assets.xcassets in Resources */ = {isa = PBXBuildFile; fileRef = C02744942B9EF6F1000CF7C8 /* Assets.xcassets */; };
		C02744982B9EF6F1000CF7C8 /* Preview Assets.xcassets in Resources */ = {isa = PBXBuildFile; fileRef = C02744972B9EF6F1000CF7C8 /* Preview Assets.xcassets */; };
		C02744AB2B9EFF14000CF7C8 /* SlideViewModel.swift in Sources */ = {isa = PBXBuildFile; fileRef = C02744AA2B9EFF14000CF7C8 /* SlideViewModel.swift */; };
		C02744AF2B9EFF2C000CF7C8 /* SlideModel.swift in Sources */ = {isa = PBXBuildFile; fileRef = C02744AE2B9EFF2C000CF7C8 /* SlideModel.swift */; };
		C02744B12B9EFF37000CF7C8 /* BasicModel.swift in Sources */ = {isa = PBXBuildFile; fileRef = C02744B02B9EFF37000CF7C8 /* BasicModel.swift */; };
		C02744B32B9EFF3F000CF7C8 /* BasicView.swift in Sources */ = {isa = PBXBuildFile; fileRef = C02744B22B9EFF3F000CF7C8 /* BasicView.swift */; };
		C02744B52B9EFF47000CF7C8 /* BasicViewModel.swift in Sources */ = {isa = PBXBuildFile; fileRef = C02744B42B9EFF47000CF7C8 /* BasicViewModel.swift */; };
		C02744B72B9EFF50000CF7C8 /* ProgressViewModel.swift in Sources */ = {isa = PBXBuildFile; fileRef = C02744B62B9EFF50000CF7C8 /* ProgressViewModel.swift */; };
		C02744BC2B9EFF6F000CF7C8 /* ProgressModel.swift in Sources */ = {isa = PBXBuildFile; fileRef = C02744BB2B9EFF6F000CF7C8 /* ProgressModel.swift */; };
		C02744BE2B9F0017000CF7C8 /* ProgressTapView.swift in Sources */ = {isa = PBXBuildFile; fileRef = C02744BD2B9F0017000CF7C8 /* ProgressTapView.swift */; };
		C02744C02B9F002C000CF7C8 /* ProgressView1.swift in Sources */ = {isa = PBXBuildFile; fileRef = C02744BF2B9F002C000CF7C8 /* ProgressView1.swift */; };
		C02744C22B9F0032000CF7C8 /* ProgressView2.swift in Sources */ = {isa = PBXBuildFile; fileRef = C02744C12B9F0032000CF7C8 /* ProgressView2.swift */; };
		C02744C42B9F0039000CF7C8 /* ProgressView3.swift in Sources */ = {isa = PBXBuildFile; fileRef = C02744C32B9F0039000CF7C8 /* ProgressView3.swift */; };
		C02744C62B9F003F000CF7C8 /* ProgressView4.swift in Sources */ = {isa = PBXBuildFile; fileRef = C02744C52B9F003F000CF7C8 /* ProgressView4.swift */; };
		C02744C82B9F0045000CF7C8 /* ProgressView5.swift in Sources */ = {isa = PBXBuildFile; fileRef = C02744C72B9F0045000CF7C8 /* ProgressView5.swift */; };
		C02744CA2B9F00BE000CF7C8 /* SlideTapView.swift in Sources */ = {isa = PBXBuildFile; fileRef = C02744C92B9F00BE000CF7C8 /* SlideTapView.swift */; };
		C02744CC2B9F00C6000CF7C8 /* SlideView1.swift in Sources */ = {isa = PBXBuildFile; fileRef = C02744CB2B9F00C6000CF7C8 /* SlideView1.swift */; };
		C02744CE2B9F00CD000CF7C8 /* SlideView2.swift in Sources */ = {isa = PBXBuildFile; fileRef = C02744CD2B9F00CD000CF7C8 /* SlideView2.swift */; };
		C02744D02B9F00D3000CF7C8 /* SlideView3.swift in Sources */ = {isa = PBXBuildFile; fileRef = C02744CF2B9F00D3000CF7C8 /* SlideView3.swift */; };
		C02744D22BA7FFCF000CF7C8 /* SlideView4.swift in Sources */ = {isa = PBXBuildFile; fileRef = C02744D12BA7FFCF000CF7C8 /* SlideView4.swift */; };
/* End PBXBuildFile section */

/* Begin PBXFileReference section */
		C027448D2B9EF6EF000CF7C8 /* OnboardingTest.app */ = {isa = PBXFileReference; explicitFileType = wrapper.application; includeInIndex = 0; path = OnboardingTest.app; sourceTree = BUILT_PRODUCTS_DIR; };
		C02744902B9EF6EF000CF7C8 /* OnboardingTestApp.swift */ = {isa = PBXFileReference; lastKnownFileType = sourcecode.swift; path = OnboardingTestApp.swift; sourceTree = "<group>"; };
		C02744922B9EF6EF000CF7C8 /* ContentView.swift */ = {isa = PBXFileReference; lastKnownFileType = sourcecode.swift; path = ContentView.swift; sourceTree = "<group>"; };
		C02744942B9EF6F1000CF7C8 /* Assets.xcassets */ = {isa = PBXFileReference; lastKnownFileType = folder.assetcatalog; path = Assets.xcassets; sourceTree = "<group>"; };
		C02744972B9EF6F1000CF7C8 /* Preview Assets.xcassets */ = {isa = PBXFileReference; lastKnownFileType = folder.assetcatalog; path = "Preview Assets.xcassets"; sourceTree = "<group>"; };
		C02744AA2B9EFF14000CF7C8 /* SlideViewModel.swift */ = {isa = PBXFileReference; lastKnownFileType = sourcecode.swift; path = SlideViewModel.swift; sourceTree = "<group>"; };
		C02744AE2B9EFF2C000CF7C8 /* SlideModel.swift */ = {isa = PBXFileReference; lastKnownFileType = sourcecode.swift; path = SlideModel.swift; sourceTree = "<group>"; };
		C02744B02B9EFF37000CF7C8 /* BasicModel.swift */ = {isa = PBXFileReference; lastKnownFileType = sourcecode.swift; path = BasicModel.swift; sourceTree = "<group>"; };
		C02744B22B9EFF3F000CF7C8 /* BasicView.swift */ = {isa = PBXFileReference; lastKnownFileType = sourcecode.swift; path = BasicView.swift; sourceTree = "<group>"; };
		C02744B42B9EFF47000CF7C8 /* BasicViewModel.swift */ = {isa = PBXFileReference; lastKnownFileType = sourcecode.swift; path = BasicViewModel.swift; sourceTree = "<group>"; };
		C02744B62B9EFF50000CF7C8 /* ProgressViewModel.swift */ = {isa = PBXFileReference; lastKnownFileType = sourcecode.swift; path = ProgressViewModel.swift; sourceTree = "<group>"; };
		C02744BB2B9EFF6F000CF7C8 /* ProgressModel.swift */ = {isa = PBXFileReference; lastKnownFileType = sourcecode.swift; path = ProgressModel.swift; sourceTree = "<group>"; };
		C02744BD2B9F0017000CF7C8 /* ProgressTapView.swift */ = {isa = PBXFileReference; lastKnownFileType = sourcecode.swift; path = ProgressTapView.swift; sourceTree = "<group>"; };
		C02744BF2B9F002C000CF7C8 /* ProgressView1.swift */ = {isa = PBXFileReference; lastKnownFileType = sourcecode.swift; path = ProgressView1.swift; sourceTree = "<group>"; };
		C02744C12B9F0032000CF7C8 /* ProgressView2.swift */ = {isa = PBXFileReference; lastKnownFileType = sourcecode.swift; path = ProgressView2.swift; sourceTree = "<group>"; };
		C02744C32B9F0039000CF7C8 /* ProgressView3.swift */ = {isa = PBXFileReference; lastKnownFileType = sourcecode.swift; path = ProgressView3.swift; sourceTree = "<group>"; };
		C02744C52B9F003F000CF7C8 /* ProgressView4.swift */ = {isa = PBXFileReference; lastKnownFileType = sourcecode.swift; path = ProgressView4.swift; sourceTree = "<group>"; };
		C02744C72B9F0045000CF7C8 /* ProgressView5.swift */ = {isa = PBXFileReference; lastKnownFileType = sourcecode.swift; path = ProgressView5.swift; sourceTree = "<group>"; };
		C02744C92B9F00BE000CF7C8 /* SlideTapView.swift */ = {isa = PBXFileReference; lastKnownFileType = sourcecode.swift; path = SlideTapView.swift; sourceTree = "<group>"; };
		C02744CB2B9F00C6000CF7C8 /* SlideView1.swift */ = {isa = PBXFileReference; lastKnownFileType = sourcecode.swift; path = SlideView1.swift; sourceTree = "<group>"; };
		C02744CD2B9F00CD000CF7C8 /* SlideView2.swift */ = {isa = PBXFileReference; lastKnownFileType = sourcecode.swift; path = SlideView2.swift; sourceTree = "<group>"; };
		C02744CF2B9F00D3000CF7C8 /* SlideView3.swift */ = {isa = PBXFileReference; lastKnownFileType = sourcecode.swift; path = SlideView3.swift; sourceTree = "<group>"; };
		C02744D12BA7FFCF000CF7C8 /* SlideView4.swift */ = {isa = PBXFileReference; lastKnownFileType = sourcecode.swift; path = SlideView4.swift; sourceTree = "<group>"; };
/* End PBXFileReference section */

/* Begin PBXFrameworksBuildPhase section */
		C027448A2B9EF6EF000CF7C8 /* Frameworks */ = {
			isa = PBXFrameworksBuildPhase;
			buildActionMask = 2147483647;
			files = (
			);
			runOnlyForDeploymentPostprocessing = 0;
		};
/* End PBXFrameworksBuildPhase section */

/* Begin PBXGroup section */
		C02744842B9EF6EF000CF7C8 = {
			isa = PBXGroup;
			children = (
				C027448F2B9EF6EF000CF7C8 /* OnboardingTest */,
				C027448E2B9EF6EF000CF7C8 /* Products */,
			);
			sourceTree = "<group>";
		};
		C027448E2B9EF6EF000CF7C8 /* Products */ = {
			isa = PBXGroup;
			children = (
				C027448D2B9EF6EF000CF7C8 /* OnboardingTest.app */,
			);
			name = Products;
			sourceTree = "<group>";
		};
		C027448F2B9EF6EF000CF7C8 /* OnboardingTest */ = {
			isa = PBXGroup;
			children = (
				C02744902B9EF6EF000CF7C8 /* OnboardingTestApp.swift */,
				C02744922B9EF6EF000CF7C8 /* ContentView.swift */,
				C02744A12B9EFDE1000CF7C8 /* BasicOnboarding */,
				C02744A22B9EFE45000CF7C8 /* SlideOnboarding */,
				C02744A62B9EFEBF000CF7C8 /* ProgressOnboarding */,
				C02744962B9EF6F1000CF7C8 /* Preview Content */,
			);
			path = OnboardingTest;
			sourceTree = "<group>";
		};
		C02744962B9EF6F1000CF7C8 /* Preview Content */ = {
			isa = PBXGroup;
			children = (
				C02744942B9EF6F1000CF7C8 /* Assets.xcassets */,
				C02744972B9EF6F1000CF7C8 /* Preview Assets.xcassets */,
			);
			path = "Preview Content";
			sourceTree = "<group>";
		};
		C027449E2B9EFD30000CF7C8 /* BasicView */ = {
			isa = PBXGroup;
			children = (
				C02744B22B9EFF3F000CF7C8 /* BasicView.swift */,
			);
			path = BasicView;
			sourceTree = "<group>";
		};
		C027449F2B9EFD48000CF7C8 /* BasicModel */ = {
			isa = PBXGroup;
			children = (
				C02744B02B9EFF37000CF7C8 /* BasicModel.swift */,
			);
			path = BasicModel;
			sourceTree = "<group>";
		};
		C02744A02B9EFD58000CF7C8 /* BasicViewModel */ = {
			isa = PBXGroup;
			children = (
				C02744B42B9EFF47000CF7C8 /* BasicViewModel.swift */,
			);
			path = BasicViewModel;
			sourceTree = "<group>";
		};
		C02744A12B9EFDE1000CF7C8 /* BasicOnboarding */ = {
			isa = PBXGroup;
			children = (
				C027449F2B9EFD48000CF7C8 /* BasicModel */,
				C027449E2B9EFD30000CF7C8 /* BasicView */,
				C02744A02B9EFD58000CF7C8 /* BasicViewModel */,
			);
			path = BasicOnboarding;
			sourceTree = "<group>";
		};
		C02744A22B9EFE45000CF7C8 /* SlideOnboarding */ = {
			isa = PBXGroup;
			children = (
				C02744A32B9EFE6A000CF7C8 /* SlideModel */,
				C02744A42B9EFE78000CF7C8 /* SlideView */,
				C02744A52B9EFE88000CF7C8 /* SlideViewModel */,
			);
			path = SlideOnboarding;
			sourceTree = "<group>";
		};
		C02744A32B9EFE6A000CF7C8 /* SlideModel */ = {
			isa = PBXGroup;
			children = (
				C02744AE2B9EFF2C000CF7C8 /* SlideModel.swift */,
			);
			path = SlideModel;
			sourceTree = "<group>";
		};
		C02744A42B9EFE78000CF7C8 /* SlideView */ = {
			isa = PBXGroup;
			children = (
				C02744C92B9F00BE000CF7C8 /* SlideTapView.swift */,
				C02744CB2B9F00C6000CF7C8 /* SlideView1.swift */,
				C02744CD2B9F00CD000CF7C8 /* SlideView2.swift */,
				C02744CF2B9F00D3000CF7C8 /* SlideView3.swift */,
				C02744D12BA7FFCF000CF7C8 /* SlideView4.swift */,
			);
			path = SlideView;
			sourceTree = "<group>";
		};
		C02744A52B9EFE88000CF7C8 /* SlideViewModel */ = {
			isa = PBXGroup;
			children = (
				C02744AA2B9EFF14000CF7C8 /* SlideViewModel.swift */,
			);
			path = SlideViewModel;
			sourceTree = "<group>";
		};
		C02744A62B9EFEBF000CF7C8 /* ProgressOnboarding */ = {
			isa = PBXGroup;
			children = (
				C02744A92B9EFEEA000CF7C8 /* ProgressModel */,
				C02744A82B9EFEE1000CF7C8 /* ProgressView */,
				C02744A72B9EFED3000CF7C8 /* ProgressViewModel */,
			);
			path = ProgressOnboarding;
			sourceTree = "<group>";
		};
		C02744A72B9EFED3000CF7C8 /* ProgressViewModel */ = {
			isa = PBXGroup;
			children = (
				C02744B62B9EFF50000CF7C8 /* ProgressViewModel.swift */,
			);
			path = ProgressViewModel;
			sourceTree = "<group>";
		};
		C02744A82B9EFEE1000CF7C8 /* ProgressView */ = {
			isa = PBXGroup;
			children = (
				C02744BD2B9F0017000CF7C8 /* ProgressTapView.swift */,
				C02744BF2B9F002C000CF7C8 /* ProgressView1.swift */,
				C02744C12B9F0032000CF7C8 /* ProgressView2.swift */,
				C02744C32B9F0039000CF7C8 /* ProgressView3.swift */,
				C02744C52B9F003F000CF7C8 /* ProgressView4.swift */,
				C02744C72B9F0045000CF7C8 /* ProgressView5.swift */,
			);
			path = ProgressView;
			sourceTree = "<group>";
		};
		C02744A92B9EFEEA000CF7C8 /* ProgressModel */ = {
			isa = PBXGroup;
			children = (
				C02744BB2B9EFF6F000CF7C8 /* ProgressModel.swift */,
			);
			path = ProgressModel;
			sourceTree = "<group>";
		};
/* End PBXGroup section */

/* Begin PBXNativeTarget section */
		C027448C2B9EF6EF000CF7C8 /* OnboardingTest */ = {
			isa = PBXNativeTarget;
			buildConfigurationList = C027449B2B9EF6F1000CF7C8 /* Build configuration list for PBXNativeTarget "OnboardingTest" */;
			buildPhases = (
				C02744892B9EF6EF000CF7C8 /* Sources */,
				C027448A2B9EF6EF000CF7C8 /* Frameworks */,
				C027448B2B9EF6EF000CF7C8 /* Resources */,
			);
			buildRules = (
			);
			dependencies = (
			);
			name = OnboardingTest;
			productName = OnboardingTest;
			productReference = C027448D2B9EF6EF000CF7C8 /* OnboardingTest.app */;
			productType = "com.apple.product-type.application";
		};
/* End PBXNativeTarget section */

/* Begin PBXProject section */
		C02744852B9EF6EF000CF7C8 /* Project object */ = {
			isa = PBXProject;
			attributes = {
				BuildIndependentTargetsInParallel = 1;
				LastSwiftUpdateCheck = 1530;
				LastUpgradeCheck = 1530;
				TargetAttributes = {
					C027448C2B9EF6EF000CF7C8 = {
						CreatedOnToolsVersion = 15.3;
					};
				};
			};
			buildConfigurationList = C02744882B9EF6EF000CF7C8 /* Build configuration list for PBXProject "OnboardingTest" */;
			compatibilityVersion = "Xcode 14.0";
			developmentRegion = en;
			hasScannedForEncodings = 0;
			knownRegions = (
				en,
				Base,
			);
			mainGroup = C02744842B9EF6EF000CF7C8;
			productRefGroup = C027448E2B9EF6EF000CF7C8 /* Products */;
			projectDirPath = "";
			projectRoot = "";
			targets = (
				C027448C2B9EF6EF000CF7C8 /* OnboardingTest */,
			);
		};
/* End PBXProject section */

/* Begin PBXResourcesBuildPhase section */
		C027448B2B9EF6EF000CF7C8 /* Resources */ = {
			isa = PBXResourcesBuildPhase;
			buildActionMask = 2147483647;
			files = (
				C02744982B9EF6F1000CF7C8 /* Preview Assets.xcassets in Resources */,
				C02744952B9EF6F1000CF7C8 /* Assets.xcassets in Resources */,
			);
			runOnlyForDeploymentPostprocessing = 0;
		};
/* End PBXResourcesBuildPhase section */

/* Begin PBXSourcesBuildPhase section */
		C02744892B9EF6EF000CF7C8 /* Sources */ = {
			isa = PBXSourcesBuildPhase;
			buildActionMask = 2147483647;
			files = (
				C02744BE2B9F0017000CF7C8 /* ProgressTapView.swift in Sources */,
				C02744B72B9EFF50000CF7C8 /* ProgressViewModel.swift in Sources */,
				C02744BC2B9EFF6F000CF7C8 /* ProgressModel.swift in Sources */,
				C02744D22BA7FFCF000CF7C8 /* SlideView4.swift in Sources */,
				C02744C82B9F0045000CF7C8 /* ProgressView5.swift in Sources */,
				C02744B32B9EFF3F000CF7C8 /* BasicView.swift in Sources */,
				C02744C62B9F003F000CF7C8 /* ProgressView4.swift in Sources */,
				C02744B12B9EFF37000CF7C8 /* BasicModel.swift in Sources */,
				C02744932B9EF6EF000CF7C8 /* ContentView.swift in Sources */,
				C02744AB2B9EFF14000CF7C8 /* SlideViewModel.swift in Sources */,
				C02744D02B9F00D3000CF7C8 /* SlideView3.swift in Sources */,
				C02744CC2B9F00C6000CF7C8 /* SlideView1.swift in Sources */,
				C02744C22B9F0032000CF7C8 /* ProgressView2.swift in Sources */,
				C02744CE2B9F00CD000CF7C8 /* SlideView2.swift in Sources */,
				C02744C02B9F002C000CF7C8 /* ProgressView1.swift in Sources */,
				C02744B52B9EFF47000CF7C8 /* BasicViewModel.swift in Sources */,
				C02744AF2B9EFF2C000CF7C8 /* SlideModel.swift in Sources */,
				C02744912B9EF6EF000CF7C8 /* OnboardingTestApp.swift in Sources */,
				C02744CA2B9F00BE000CF7C8 /* SlideTapView.swift in Sources */,
				C02744C42B9F0039000CF7C8 /* ProgressView3.swift in Sources */,
			);
			runOnlyForDeploymentPostprocessing = 0;
		};
/* End PBXSourcesBuildPhase section */

/* Begin XCBuildConfiguration section */
		C02744992B9EF6F1000CF7C8 /* Debug */ = {
			isa = XCBuildConfiguration;
			buildSettings = {
				ALWAYS_SEARCH_USER_PATHS = NO;
				ASSETCATALOG_COMPILER_GENERATE_SWIFT_ASSET_SYMBOL_EXTENSIONS = YES;
				CLANG_ANALYZER_NONNULL = YES;
				CLANG_ANALYZER_NUMBER_OBJECT_CONVERSION = YES_AGGRESSIVE;
				CLANG_CXX_LANGUAGE_STANDARD = "gnu++20";
				CLANG_ENABLE_MODULES = YES;
				CLANG_ENABLE_OBJC_ARC = YES;
				CLANG_ENABLE_OBJC_WEAK = YES;
				CLANG_WARN_BLOCK_CAPTURE_AUTORELEASING = YES;
				CLANG_WARN_BOOL_CONVERSION = YES;
				CLANG_WARN_COMMA = YES;
				CLANG_WARN_CONSTANT_CONVERSION = YES;
				CLANG_WARN_DEPRECATED_OBJC_IMPLEMENTATIONS = YES;
				CLANG_WARN_DIRECT_OBJC_ISA_USAGE = YES_ERROR;
				CLANG_WARN_DOCUMENTATION_COMMENTS = YES;
				CLANG_WARN_EMPTY_BODY = YES;
				CLANG_WARN_ENUM_CONVERSION = YES;
				CLANG_WARN_INFINITE_RECURSION = YES;
				CLANG_WARN_INT_CONVERSION = YES;
				CLANG_WARN_NON_LITERAL_NULL_CONVERSION = YES;
				CLANG_WARN_OBJC_IMPLICIT_RETAIN_SELF = YES;
				CLANG_WARN_OBJC_LITERAL_CONVERSION = YES;
				CLANG_WARN_OBJC_ROOT_CLASS = YES_ERROR;
				CLANG_WARN_QUOTED_INCLUDE_IN_FRAMEWORK_HEADER = YES;
				CLANG_WARN_RANGE_LOOP_ANALYSIS = YES;
				CLANG_WARN_STRICT_PROTOTYPES = YES;
				CLANG_WARN_SUSPICIOUS_MOVE = YES;
				CLANG_WARN_UNGUARDED_AVAILABILITY = YES_AGGRESSIVE;
				CLANG_WARN_UNREACHABLE_CODE = YES;
				CLANG_WARN__DUPLICATE_METHOD_MATCH = YES;
				COPY_PHASE_STRIP = NO;
				DEBUG_INFORMATION_FORMAT = dwarf;
				ENABLE_STRICT_OBJC_MSGSEND = YES;
				ENABLE_TESTABILITY = YES;
				ENABLE_USER_SCRIPT_SANDBOXING = YES;
				GCC_C_LANGUAGE_STANDARD = gnu17;
				GCC_DYNAMIC_NO_PIC = NO;
				GCC_NO_COMMON_BLOCKS = YES;
				GCC_OPTIMIZATION_LEVEL = 0;
				GCC_PREPROCESSOR_DEFINITIONS = (
					"DEBUG=1",
					"$(inherited)",
				);
				GCC_WARN_64_TO_32_BIT_CONVERSION = YES;
				GCC_WARN_ABOUT_RETURN_TYPE = YES_ERROR;
				GCC_WARN_UNDECLARED_SELECTOR = YES;
				GCC_WARN_UNINITIALIZED_AUTOS = YES_AGGRESSIVE;
				GCC_WARN_UNUSED_FUNCTION = YES;
				GCC_WARN_UNUSED_VARIABLE = YES;
				IPHONEOS_DEPLOYMENT_TARGET = 17.4;
				LOCALIZATION_PREFERS_STRING_CATALOGS = YES;
				MTL_ENABLE_DEBUG_INFO = INCLUDE_SOURCE;
				MTL_FAST_MATH = YES;
				ONLY_ACTIVE_ARCH = YES;
				SDKROOT = iphoneos;
				SWIFT_ACTIVE_COMPILATION_CONDITIONS = "DEBUG $(inherited)";
				SWIFT_OPTIMIZATION_LEVEL = "-Onone";
			};
			name = Debug;
		};
		C027449A2B9EF6F1000CF7C8 /* Release */ = {
			isa = XCBuildConfiguration;
			buildSettings = {
				ALWAYS_SEARCH_USER_PATHS = NO;
				ASSETCATALOG_COMPILER_GENERATE_SWIFT_ASSET_SYMBOL_EXTENSIONS = YES;
				CLANG_ANALYZER_NONNULL = YES;
				CLANG_ANALYZER_NUMBER_OBJECT_CONVERSION = YES_AGGRESSIVE;
				CLANG_CXX_LANGUAGE_STANDARD = "gnu++20";
				CLANG_ENABLE_MODULES = YES;
				CLANG_ENABLE_OBJC_ARC = YES;
				CLANG_ENABLE_OBJC_WEAK = YES;
				CLANG_WARN_BLOCK_CAPTURE_AUTORELEASING = YES;
				CLANG_WARN_BOOL_CONVERSION = YES;
				CLANG_WARN_COMMA = YES;
				CLANG_WARN_CONSTANT_CONVERSION = YES;
				CLANG_WARN_DEPRECATED_OBJC_IMPLEMENTATIONS = YES;
				CLANG_WARN_DIRECT_OBJC_ISA_USAGE = YES_ERROR;
				CLANG_WARN_DOCUMENTATION_COMMENTS = YES;
				CLANG_WARN_EMPTY_BODY = YES;
				CLANG_WARN_ENUM_CONVERSION = YES;
				CLANG_WARN_INFINITE_RECURSION = YES;
				CLANG_WARN_INT_CONVERSION = YES;
				CLANG_WARN_NON_LITERAL_NULL_CONVERSION = YES;
				CLANG_WARN_OBJC_IMPLICIT_RETAIN_SELF = YES;
				CLANG_WARN_OBJC_LITERAL_CONVERSION = YES;
				CLANG_WARN_OBJC_ROOT_CLASS = YES_ERROR;
				CLANG_WARN_QUOTED_INCLUDE_IN_FRAMEWORK_HEADER = YES;
				CLANG_WARN_RANGE_LOOP_ANALYSIS = YES;
				CLANG_WARN_STRICT_PROTOTYPES = YES;
				CLANG_WARN_SUSPICIOUS_MOVE = YES;
				CLANG_WARN_UNGUARDED_AVAILABILITY = YES_AGGRESSIVE;
				CLANG_WARN_UNREACHABLE_CODE = YES;
				CLANG_WARN__DUPLICATE_METHOD_MATCH = YES;
				COPY_PHASE_STRIP = NO;
				DEBUG_INFORMATION_FORMAT = "dwarf-with-dsym";
				ENABLE_NS_ASSERTIONS = NO;
				ENABLE_STRICT_OBJC_MSGSEND = YES;
				ENABLE_USER_SCRIPT_SANDBOXING = YES;
				GCC_C_LANGUAGE_STANDARD = gnu17;
				GCC_NO_COMMON_BLOCKS = YES;
				GCC_WARN_64_TO_32_BIT_CONVERSION = YES;
				GCC_WARN_ABOUT_RETURN_TYPE = YES_ERROR;
				GCC_WARN_UNDECLARED_SELECTOR = YES;
				GCC_WARN_UNINITIALIZED_AUTOS = YES_AGGRESSIVE;
				GCC_WARN_UNUSED_FUNCTION = YES;
				GCC_WARN_UNUSED_VARIABLE = YES;
				IPHONEOS_DEPLOYMENT_TARGET = 17.4;
				LOCALIZATION_PREFERS_STRING_CATALOGS = YES;
				MTL_ENABLE_DEBUG_INFO = NO;
				MTL_FAST_MATH = YES;
				SDKROOT = iphoneos;
				SWIFT_COMPILATION_MODE = wholemodule;
				VALIDATE_PRODUCT = YES;
			};
			name = Release;
		};
		C027449C2B9EF6F1000CF7C8 /* Debug */ = {
			isa = XCBuildConfiguration;
			buildSettings = {
				ASSETCATALOG_COMPILER_APPICON_NAME = AppIcon;
				ASSETCATALOG_COMPILER_GLOBAL_ACCENT_COLOR_NAME = AccentColor;
				CODE_SIGN_STYLE = Automatic;
				CURRENT_PROJECT_VERSION = 1;
				DEVELOPMENT_ASSET_PATHS = "\"OnboardingTest/Preview Content\"";
				DEVELOPMENT_TEAM = JY747KU2DH;
				ENABLE_PREVIEWS = YES;
				GENERATE_INFOPLIST_FILE = YES;
				INFOPLIST_KEY_UIApplicationSceneManifest_Generation = YES;
				INFOPLIST_KEY_UIApplicationSupportsIndirectInputEvents = YES;
				INFOPLIST_KEY_UILaunchScreen_Generation = YES;
				INFOPLIST_KEY_UISupportedInterfaceOrientations_iPad = "UIInterfaceOrientationPortrait UIInterfaceOrientationPortraitUpsideDown UIInterfaceOrientationLandscapeLeft UIInterfaceOrientationLandscapeRight";
				INFOPLIST_KEY_UISupportedInterfaceOrientations_iPhone = "UIInterfaceOrientationPortrait UIInterfaceOrientationLandscapeLeft UIInterfaceOrientationLandscapeRight";
				LD_RUNPATH_SEARCH_PATHS = (
					"$(inherited)",
					"@executable_path/Frameworks",
				);
				MARKETING_VERSION = 1.0;
				PRODUCT_BUNDLE_IDENTIFIER = com.JJS.OnboardingTest;
				PRODUCT_NAME = "$(TARGET_NAME)";
				SWIFT_EMIT_LOC_STRINGS = YES;
				SWIFT_VERSION = 5.0;
				TARGETED_DEVICE_FAMILY = "1,2";
			};
			name = Debug;
		};
		C027449D2B9EF6F1000CF7C8 /* Release */ = {
			isa = XCBuildConfiguration;
			buildSettings = {
				ASSETCATALOG_COMPILER_APPICON_NAME = AppIcon;
				ASSETCATALOG_COMPILER_GLOBAL_ACCENT_COLOR_NAME = AccentColor;
				CODE_SIGN_STYLE = Automatic;
				CURRENT_PROJECT_VERSION = 1;
				DEVELOPMENT_ASSET_PATHS = "\"OnboardingTest/Preview Content\"";
				DEVELOPMENT_TEAM = JY747KU2DH;
				ENABLE_PREVIEWS = YES;
				GENERATE_INFOPLIST_FILE = YES;
				INFOPLIST_KEY_UIApplicationSceneManifest_Generation = YES;
				INFOPLIST_KEY_UIApplicationSupportsIndirectInputEvents = YES;
				INFOPLIST_KEY_UILaunchScreen_Generation = YES;
				INFOPLIST_KEY_UISupportedInterfaceOrientations_iPad = "UIInterfaceOrientationPortrait UIInterfaceOrientationPortraitUpsideDown UIInterfaceOrientationLandscapeLeft UIInterfaceOrientationLandscapeRight";
				INFOPLIST_KEY_UISupportedInterfaceOrientations_iPhone = "UIInterfaceOrientationPortrait UIInterfaceOrientationLandscapeLeft UIInterfaceOrientationLandscapeRight";
				LD_RUNPATH_SEARCH_PATHS = (
					"$(inherited)",
					"@executable_path/Frameworks",
				);
				MARKETING_VERSION = 1.0;
				PRODUCT_BUNDLE_IDENTIFIER = com.JJS.OnboardingTest;
				PRODUCT_NAME = "$(TARGET_NAME)";
				SWIFT_EMIT_LOC_STRINGS = YES;
				SWIFT_VERSION = 5.0;
				TARGETED_DEVICE_FAMILY = "1,2";
			};
			name = Release;
		};
/* End XCBuildConfiguration section */

/* Begin XCConfigurationList section */
		C02744882B9EF6EF000CF7C8 /* Build configuration list for PBXProject "OnboardingTest" */ = {
			isa = XCConfigurationList;
			buildConfigurations = (
				C02744992B9EF6F1000CF7C8 /* Debug */,
				C027449A2B9EF6F1000CF7C8 /* Release */,
			);
			defaultConfigurationIsVisible = 0;
			defaultConfigurationName = Release;
		};
		C027449B2B9EF6F1000CF7C8 /* Build configuration list for PBXNativeTarget "OnboardingTest" */ = {
			isa = XCConfigurationList;
			buildConfigurations = (
				C027449C2B9EF6F1000CF7C8 /* Debug */,
				C027449D2B9EF6F1000CF7C8 /* Release */,
			);
			defaultConfigurationIsVisible = 0;
			defaultConfigurationName = Release;
		};
/* End XCConfigurationList section */
	};
	rootObject = C02744852B9EF6EF000CF7C8 /* Project object */;
}
